
Microsoft Visual Studio Solution File, Format Version 12.00
# Visual Studio Version 17
VisualStudioVersion = 17.14.36109.1
MinimumVisualStudioVersion = 10.0.40219.1
Project("{FAE04EC0-301F-11D3-BF4B-00C04F79EFBC}") = "McpServerConsole.Client", "src\McpServerConsole.Client\McpServerConsole.Client.csproj", "{C40C9C4D-6283-45F0-883F-480E0DF59C59}"
EndProject
Project("{FAE04EC0-301F-11D3-BF4B-00C04F79EFBC}") = "McpServerConsole.Server", "src\McpServerConsole.Server\McpServerConsole.Server.csproj", "{BC7078C7-0834-40CA-BE94-A4E44FBB3F1E}"
EndProject
Project("{2150E333-8FDC-42A3-9474-1A3956D46DE8}") = "解决方案项", "解决方案项", "{9FA3D6BD-1EC1-3BA5-80CB-CE02773A58D5}"
	ProjectSection(SolutionItems) = preProject
		README-ZH.md = README-ZH.md
		README.md = README.md
	EndProjectSection
EndProject
Project("{FAE04EC0-301F-11D3-BF4B-00C04F79EFBC}") = "MCPSSEServer.Server", "src\MCPSSEServer.Server\MCPSSEServer.Server.csproj", "{AA34725B-8E99-4703-ACB5-AABA5891BC69}"
EndProject
Global
	GlobalSection(SolutionConfigurationPlatforms) = preSolution
		Debug|Any CPU = Debug|Any CPU
		Debug|x64 = Debug|x64
		Debug|x86 = Debug|x86
		Release|Any CPU = Release|Any CPU
		Release|x64 = Release|x64
		Release|x86 = Release|x86
	EndGlobalSection
	GlobalSection(ProjectConfigurationPlatforms) = postSolution
		{C40C9C4D-6283-45F0-883F-480E0DF59C59}.Debug|Any CPU.ActiveCfg = Debug|Any CPU
		{C40C9C4D-6283-45F0-883F-480E0DF59C59}.Debug|Any CPU.Build.0 = Debug|Any CPU
		{C40C9C4D-6283-45F0-883F-480E0DF59C59}.Debug|x64.ActiveCfg = Debug|Any CPU
		{C40C9C4D-6283-45F0-883F-480E0DF59C59}.Debug|x64.Build.0 = Debug|Any CPU
		{C40C9C4D-6283-45F0-883F-480E0DF59C59}.Debug|x86.ActiveCfg = Debug|Any CPU
		{C40C9C4D-6283-45F0-883F-480E0DF59C59}.Debug|x86.Build.0 = Debug|Any CPU
		{C40C9C4D-6283-45F0-883F-480E0DF59C59}.Release|Any CPU.ActiveCfg = Release|Any CPU
		{C40C9C4D-6283-45F0-883F-480E0DF59C59}.Release|Any CPU.Build.0 = Release|Any CPU
		{C40C9C4D-6283-45F0-883F-480E0DF59C59}.Release|x64.ActiveCfg = Release|Any CPU
		{C40C9C4D-6283-45F0-883F-480E0DF59C59}.Release|x64.Build.0 = Release|Any CPU
		{C40C9C4D-6283-45F0-883F-480E0DF59C59}.Release|x86.ActiveCfg = Release|Any CPU
		{C40C9C4D-6283-45F0-883F-480E0DF59C59}.Release|x86.Build.0 = Release|Any CPU
		{BC7078C7-0834-40CA-BE94-A4E44FBB3F1E}.Debug|Any CPU.ActiveCfg = Debug|Any CPU
		{BC7078C7-0834-40CA-BE94-A4E44FBB3F1E}.Debug|Any CPU.Build.0 = Debug|Any CPU
		{BC7078C7-0834-40CA-BE94-A4E44FBB3F1E}.Debug|x64.ActiveCfg = Debug|Any CPU
		{BC7078C7-0834-40CA-BE94-A4E44FBB3F1E}.Debug|x64.Build.0 = Debug|Any CPU
		{BC7078C7-0834-40CA-BE94-A4E44FBB3F1E}.Debug|x86.ActiveCfg = Debug|Any CPU
		{BC7078C7-0834-40CA-BE94-A4E44FBB3F1E}.Debug|x86.Build.0 = Debug|Any CPU
		{BC7078C7-0834-40CA-BE94-A4E44FBB3F1E}.Release|Any CPU.ActiveCfg = Release|Any CPU
		{BC7078C7-0834-40CA-BE94-A4E44FBB3F1E}.Release|Any CPU.Build.0 = Release|Any CPU
		{BC7078C7-0834-40CA-BE94-A4E44FBB3F1E}.Release|x64.ActiveCfg = Release|Any CPU
		{BC7078C7-0834-40CA-BE94-A4E44FBB3F1E}.Release|x64.Build.0 = Release|Any CPU
		{BC7078C7-0834-40CA-BE94-A4E44FBB3F1E}.Release|x86.ActiveCfg = Release|Any CPU
		{BC7078C7-0834-40CA-BE94-A4E44FBB3F1E}.Release|x86.Build.0 = Release|Any CPU
		{AA34725B-8E99-4703-ACB5-AABA5891BC69}.Debug|Any CPU.ActiveCfg = Debug|Any CPU
		{AA34725B-8E99-4703-ACB5-AABA5891BC69}.Debug|Any CPU.Build.0 = Debug|Any CPU
		{AA34725B-8E99-4703-ACB5-AABA5891BC69}.Debug|x64.ActiveCfg = Debug|Any CPU
		{AA34725B-8E99-4703-ACB5-AABA5891BC69}.Debug|x64.Build.0 = Debug|Any CPU
		{AA34725B-8E99-4703-ACB5-AABA5891BC69}.Debug|x86.ActiveCfg = Debug|Any CPU
		{AA34725B-8E99-4703-ACB5-AABA5891BC69}.Debug|x86.Build.0 = Debug|Any CPU
		{AA34725B-8E99-4703-ACB5-AABA5891BC69}.Release|Any CPU.ActiveCfg = Release|Any CPU
		{AA34725B-8E99-4703-ACB5-AABA5891BC69}.Release|Any CPU.Build.0 = Release|Any CPU
		{AA34725B-8E99-4703-ACB5-AABA5891BC69}.Release|x64.ActiveCfg = Release|Any CPU
		{AA34725B-8E99-4703-ACB5-AABA5891BC69}.Release|x64.Build.0 = Release|Any CPU
		{AA34725B-8E99-4703-ACB5-AABA5891BC69}.Release|x86.ActiveCfg = Release|Any CPU
		{AA34725B-8E99-4703-ACB5-AABA5891BC69}.Release|x86.Build.0 = Release|Any CPU
	EndGlobalSection
	GlobalSection(SolutionProperties) = preSolution
		HideSolutionNode = FALSE
	EndGlobalSection
	GlobalSection(NestedProjects) = preSolution
		{AA34725B-8E99-4703-ACB5-AABA5891BC69} = {9FA3D6BD-1EC1-3BA5-80CB-CE02773A58D5}
	EndGlobalSection
	GlobalSection(ExtensibilityGlobals) = postSolution
		SolutionGuid = {93056459-F1D9-4BB3-9B27-24EB3399D80F}
	EndGlobalSection
EndGlobal
